
Microsoft Visual Studio Solution File, Format Version 12.00
# Visual Studio Version 17
VisualStudioVersion = 17.4.33213.308
MinimumVisualStudioVersion = 10.0.40219.1
Project("{FAE04EC0-301F-11D3-BF4B-00C04F79EFBC}") = "LABasicAppDocker", "LABasicAppDocker\LABasicAppDocker.csproj", "{903C21B5-B979-43C7-8088-812A9926245E}"
EndProject
Global
	GlobalSection(SolutionConfigurationPlatforms) = preSolution
		Debug|Any CPU = Debug|Any CPU
		Release|Any CPU = Release|Any CPU
	EndGlobalSection
	GlobalSection(ProjectConfigurationPlatforms) = postSolution
		{903C21B5-B979-43C7-8088-812A9926245E}.Debug|Any CPU.ActiveCfg = Debug|Any CPU
		{903C21B5-B979-43C7-8088-812A9926245E}.Debug|Any CPU.Build.0 = Debug|Any CPU
		{903C21B5-B979-43C7-8088-812A9926245E}.Release|Any CPU.ActiveCfg = Release|Any CPU
		{903C21B5-B979-43C7-8088-812A9926245E}.Release|Any CPU.Build.0 = Release|Any CPU
	EndGlobalSection
	GlobalSection(SolutionProperties) = preSolution
		HideSolutionNode = FALSE
	EndGlobalSection
	GlobalSection(ExtensibilityGlobals) = postSolution
		SolutionGuid = {714E23C2-4F42-423C-9DA1-F40B449F91AE}
	EndGlobalSection
EndGlobal
